
Microsoft Visual Studio Solution File, Format Version 12.00
# Visual Studio Version 16
VisualStudioVersion = 16.0.31624.102
MinimumVisualStudioVersion = 10.0.40219.1
Project("{9A19103F-16F7-4668-BE54-9A1E7A4F7556}") = "UbuSecret", "UbuSecret\UbuSecret.csproj", "{D5408851-882D-413B-A7A4-1035511E336A}"
EndProject
Project("{9A19103F-16F7-4668-BE54-9A1E7A4F7556}") = "Interfaces", "Interfaces\Interfaces.csproj", "{8D7D6B1F-4C9E-4DE4-B464-914BD00DBF40}"
EndProject
Project("{9A19103F-16F7-4668-BE54-9A1E7A4F7556}") = "Data", "Data\Data.csproj", "{E2BEB2DF-524C-4156-8C49-6C477340B7BE}"
EndProject
Project("{9A19103F-16F7-4668-BE54-9A1E7A4F7556}") = "DataTest", "DataTest\DataTest.csproj", "{5DC50042-32D4-4A42-BB0F-3D697013AC1B}"
EndProject
Project("{FAE04EC0-301F-11D3-BF4B-00C04F79EFBC}") = "Util", "Util\Util.csproj", "{22CDDD0D-73E1-4DAC-A499-CE38D383F0E3}"
EndProject
Global
	GlobalSection(SolutionConfigurationPlatforms) = preSolution
		Debug|Any CPU = Debug|Any CPU
		Release|Any CPU = Release|Any CPU
	EndGlobalSection
	GlobalSection(ProjectConfigurationPlatforms) = postSolution
		{D5408851-882D-413B-A7A4-1035511E336A}.Debug|Any CPU.ActiveCfg = Debug|Any CPU
		{D5408851-882D-413B-A7A4-1035511E336A}.Debug|Any CPU.Build.0 = Debug|Any CPU
		{D5408851-882D-413B-A7A4-1035511E336A}.Release|Any CPU.ActiveCfg = Release|Any CPU
		{D5408851-882D-413B-A7A4-1035511E336A}.Release|Any CPU.Build.0 = Release|Any CPU
		{8D7D6B1F-4C9E-4DE4-B464-914BD00DBF40}.Debug|Any CPU.ActiveCfg = Debug|Any CPU
		{8D7D6B1F-4C9E-4DE4-B464-914BD00DBF40}.Debug|Any CPU.Build.0 = Debug|Any CPU
		{8D7D6B1F-4C9E-4DE4-B464-914BD00DBF40}.Release|Any CPU.ActiveCfg = Release|Any CPU
		{8D7D6B1F-4C9E-4DE4-B464-914BD00DBF40}.Release|Any CPU.Build.0 = Release|Any CPU
		{E2BEB2DF-524C-4156-8C49-6C477340B7BE}.Debug|Any CPU.ActiveCfg = Debug|Any CPU
		{E2BEB2DF-524C-4156-8C49-6C477340B7BE}.Debug|Any CPU.Build.0 = Debug|Any CPU
		{E2BEB2DF-524C-4156-8C49-6C477340B7BE}.Release|Any CPU.ActiveCfg = Release|Any CPU
		{E2BEB2DF-524C-4156-8C49-6C477340B7BE}.Release|Any CPU.Build.0 = Release|Any CPU
		{5DC50042-32D4-4A42-BB0F-3D697013AC1B}.Debug|Any CPU.ActiveCfg = Debug|Any CPU
		{5DC50042-32D4-4A42-BB0F-3D697013AC1B}.Debug|Any CPU.Build.0 = Debug|Any CPU
		{5DC50042-32D4-4A42-BB0F-3D697013AC1B}.Release|Any CPU.ActiveCfg = Release|Any CPU
		{5DC50042-32D4-4A42-BB0F-3D697013AC1B}.Release|Any CPU.Build.0 = Release|Any CPU
		{22CDDD0D-73E1-4DAC-A499-CE38D383F0E3}.Debug|Any CPU.ActiveCfg = Debug|Any CPU
		{22CDDD0D-73E1-4DAC-A499-CE38D383F0E3}.Debug|Any CPU.Build.0 = Debug|Any CPU
		{22CDDD0D-73E1-4DAC-A499-CE38D383F0E3}.Release|Any CPU.ActiveCfg = Release|Any CPU
		{22CDDD0D-73E1-4DAC-A499-CE38D383F0E3}.Release|Any CPU.Build.0 = Release|Any CPU
	EndGlobalSection
	GlobalSection(SolutionProperties) = preSolution
		HideSolutionNode = FALSE
	EndGlobalSection
	GlobalSection(ExtensibilityGlobals) = postSolution
		SolutionGuid = {ED235140-445D-486D-8871-2D850B6EBB80}
	EndGlobalSection
EndGlobal
